{
  "name": "patrollweb",
  "version": "1.0.0",
  "lockfileVersion": 1,
  "dependencies": {
    "total.js": {
      "version": "2.6.2",
      "resolved": "https://registry.npmjs.org/total.js/-/total.js-2.6.2.tgz",
      "integrity": "sha512-c/XwYgaHNwMUW+Gx6pqwy7qF/LrH+z6tH4EQFWcvwBPtrXTAADe8EIjIJZVx3GOEUvYps4CiLTP6r79aWeFjbg=="
    }
  }
}
